
Microsoft Visual Studio Solution File, Format Version 12.00
# Visual Studio Version 17
VisualStudioVersion = 17.2.32602.215
MinimumVisualStudioVersion = 10.0.40219.1
Project("{FAE04EC0-301F-11D3-BF4B-00C04F79EFBC}") = "PCS1", "PCS1\PCS1.csproj", "{8B96C4CF-CEAE-4611-893A-D44A85AAECC7}"
EndProject
Global
	GlobalSection(SolutionConfigurationPlatforms) = preSolution
		Debug|Any CPU = Debug|Any CPU
		Release|Any CPU = Release|Any CPU
	EndGlobalSection
	GlobalSection(ProjectConfigurationPlatforms) = postSolution
		{8B96C4CF-CEAE-4611-893A-D44A85AAECC7}.Debug|Any CPU.ActiveCfg = Debug|Any CPU
		{8B96C4CF-CEAE-4611-893A-D44A85AAECC7}.Debug|Any CPU.Build.0 = Debug|Any CPU
		{8B96C4CF-CEAE-4611-893A-D44A85AAECC7}.Release|Any CPU.ActiveCfg = Release|Any CPU
		{8B96C4CF-CEAE-4611-893A-D44A85AAECC7}.Release|Any CPU.Build.0 = Release|Any CPU
	EndGlobalSection
	GlobalSection(SolutionProperties) = preSolution
		HideSolutionNode = FALSE
	EndGlobalSection
	GlobalSection(ExtensibilityGlobals) = postSolution
		SolutionGuid = {BBFDCFB0-203D-443B-8A47-1D063E6DAC81}
	EndGlobalSection
EndGlobal
