
Microsoft Visual Studio Solution File, Format Version 12.00
# Visual Studio Version 17
VisualStudioVersion = 17.3.32819.101
MinimumVisualStudioVersion = 10.0.40219.1
Project("{FAE04EC0-301F-11D3-BF4B-00C04F79EFBC}") = "Leccion", "Leccion\Leccion.csproj", "{977982D1-760A-499B-88AB-5557BCBC8635}"
EndProject
Global
	GlobalSection(SolutionConfigurationPlatforms) = preSolution
		Debug|Any CPU = Debug|Any CPU
		Release|Any CPU = Release|Any CPU
	EndGlobalSection
	GlobalSection(ProjectConfigurationPlatforms) = postSolution
		{977982D1-760A-499B-88AB-5557BCBC8635}.Debug|Any CPU.ActiveCfg = Debug|Any CPU
		{977982D1-760A-499B-88AB-5557BCBC8635}.Debug|Any CPU.Build.0 = Debug|Any CPU
		{977982D1-760A-499B-88AB-5557BCBC8635}.Release|Any CPU.ActiveCfg = Release|Any CPU
		{977982D1-760A-499B-88AB-5557BCBC8635}.Release|Any CPU.Build.0 = Release|Any CPU
	EndGlobalSection
	GlobalSection(SolutionProperties) = preSolution
		HideSolutionNode = FALSE
	EndGlobalSection
	GlobalSection(ExtensibilityGlobals) = postSolution
		SolutionGuid = {B6F315F6-7EFE-4349-A311-A8ABC4A5E43C}
	EndGlobalSection
EndGlobal
