
Microsoft Visual Studio Solution File, Format Version 12.00
# Visual Studio Version 17
VisualStudioVersion = 17.3.32901.215
MinimumVisualStudioVersion = 10.0.40219.1
Project("{FAE04EC0-301F-11D3-BF4B-00C04F79EFBC}") = "Desglose de billetes", "Desglose de billetes\Desglose de billetes.csproj", "{051D67B0-957D-4DC7-B07D-CDFF59378D69}"
EndProject
Global
	GlobalSection(SolutionConfigurationPlatforms) = preSolution
		Debug|Any CPU = Debug|Any CPU
		Release|Any CPU = Release|Any CPU
	EndGlobalSection
	GlobalSection(ProjectConfigurationPlatforms) = postSolution
		{051D67B0-957D-4DC7-B07D-CDFF59378D69}.Debug|Any CPU.ActiveCfg = Debug|Any CPU
		{051D67B0-957D-4DC7-B07D-CDFF59378D69}.Debug|Any CPU.Build.0 = Debug|Any CPU
		{051D67B0-957D-4DC7-B07D-CDFF59378D69}.Release|Any CPU.ActiveCfg = Release|Any CPU
		{051D67B0-957D-4DC7-B07D-CDFF59378D69}.Release|Any CPU.Build.0 = Release|Any CPU
	EndGlobalSection
	GlobalSection(SolutionProperties) = preSolution
		HideSolutionNode = FALSE
	EndGlobalSection
	GlobalSection(ExtensibilityGlobals) = postSolution
		SolutionGuid = {8D17C739-6081-453A-8306-F240963CB782}
	EndGlobalSection
EndGlobal
