
Microsoft Visual Studio Solution File, Format Version 12.00
# Visual Studio Version 17
VisualStudioVersion = 17.3.32811.315
MinimumVisualStudioVersion = 10.0.40219.1
Project("{FAE04EC0-301F-11D3-BF4B-00C04F79EFBC}") = "Saldaña code metodos y funciones", "Saldaña code metodos y funciones\Saldaña code metodos y funciones.csproj", "{A6464C1C-8716-4BF2-BF40-0CF4999E5390}"
EndProject
Global
	GlobalSection(SolutionConfigurationPlatforms) = preSolution
		Debug|Any CPU = Debug|Any CPU
		Release|Any CPU = Release|Any CPU
	EndGlobalSection
	GlobalSection(ProjectConfigurationPlatforms) = postSolution
		{A6464C1C-8716-4BF2-BF40-0CF4999E5390}.Debug|Any CPU.ActiveCfg = Debug|Any CPU
		{A6464C1C-8716-4BF2-BF40-0CF4999E5390}.Debug|Any CPU.Build.0 = Debug|Any CPU
		{A6464C1C-8716-4BF2-BF40-0CF4999E5390}.Release|Any CPU.ActiveCfg = Release|Any CPU
		{A6464C1C-8716-4BF2-BF40-0CF4999E5390}.Release|Any CPU.Build.0 = Release|Any CPU
	EndGlobalSection
	GlobalSection(SolutionProperties) = preSolution
		HideSolutionNode = FALSE
	EndGlobalSection
	GlobalSection(ExtensibilityGlobals) = postSolution
		SolutionGuid = {19D8A9D0-A388-4776-9767-8F599798E787}
	EndGlobalSection
EndGlobal
