
Microsoft Visual Studio Solution File, Format Version 12.00
# Visual Studio Version 17
VisualStudioVersion = 17.3.32901.215
MinimumVisualStudioVersion = 10.0.40219.1
Project("{FAE04EC0-301F-11D3-BF4B-00C04F79EFBC}") = "SistemNotes", "SistemNotes\SistemNotes.csproj", "{7AD3BB46-5C43-4008-B77C-49B7CB309AD8}"
EndProject
Global
	GlobalSection(SolutionConfigurationPlatforms) = preSolution
		Debug|Any CPU = Debug|Any CPU
		Release|Any CPU = Release|Any CPU
	EndGlobalSection
	GlobalSection(ProjectConfigurationPlatforms) = postSolution
		{7AD3BB46-5C43-4008-B77C-49B7CB309AD8}.Debug|Any CPU.ActiveCfg = Debug|Any CPU
		{7AD3BB46-5C43-4008-B77C-49B7CB309AD8}.Debug|Any CPU.Build.0 = Debug|Any CPU
		{7AD3BB46-5C43-4008-B77C-49B7CB309AD8}.Release|Any CPU.ActiveCfg = Release|Any CPU
		{7AD3BB46-5C43-4008-B77C-49B7CB309AD8}.Release|Any CPU.Build.0 = Release|Any CPU
	EndGlobalSection
	GlobalSection(SolutionProperties) = preSolution
		HideSolutionNode = FALSE
	EndGlobalSection
	GlobalSection(ExtensibilityGlobals) = postSolution
		SolutionGuid = {81918EF1-D51E-48FD-9BEF-42E64AD795C8}
	EndGlobalSection
EndGlobal
